<Solution>
  <Configurations>
    <Platform Name="x64" />
  </Configurations>
  <Folder Name="/Solution Items/">
    <File Path=".editorconfig" />
    <File Path=".gitattributes" />
    <File Path=".gitignore" />
    <File Path="Directory.Build.props" />
    <File Path="Directory.Packages.props" />
    <File Path="global.json" />
    <File Path="README.md" />
  </Folder>
  <Folder Name="/Plugin Infrastructure/">
    <Project Path="AniMeido.PluginProtocol/AniMeido.PluginProtocol.csproj">
      <Platform Project="x64" />
    </Project>
    <Project Path="AniMeido.PluginHost/AniMeido.PluginHost.csproj">
      <Platform Project="x64" />
    </Project>
  </Folder>
  <Folder Name="/Plugins/">
    <Project Path="Plugins/AniMeido.Plugin.Base/AniMeido.Plugin.Base.csproj" Id="70cbece3-4de2-4b18-b9c6-a07dd5c7a53c">
      <Platform Project="x64" />
    </Project>
    <Project Path="Plugins/AniMeido.Plugin.Player/AniMeido.Plugin.Player.csproj">
      <Platform Project="x64" />
    </Project>
    <Project Path="Plugins/AniMeido.Plugin.AI/AniMeido.Plugin.AI.csproj">
      <Platform Project="x64" />
    </Project>
  </Folder>
  <Folder Name="/Tests/">
    <Project Path="AniMeido.Tests/AniMeido.Tests.csproj">
      <Platform Project="x64" />
    </Project>
    <Project Path="AniMeido.PluginProtocol.Tests/AniMeido.PluginProtocol.Tests.csproj">
      <Platform Project="x64" />
    </Project>
  </Folder>
  <Project Path="AniMeido.App/AniMeido.App.csproj">
    <Platform Project="x64" />
    <Deploy />
  </Project>
  <Project Path="AniMeido.Contracts/AniMeido.Contracts.csproj" Id="55ca2f31-e2d9-49ca-aef5-7736972f2eb4">
    <Platform Project="x64" />
  </Project>
</Solution>
